{
  "version": 4,
  "terraform_version": "0.12.24",
  "serial": 114,
  "lineage": "9cdf6f30-e0f3-f54a-009d-45ac155ff78d",
  "outputs": {
    "ip": {
      "value": "35.182.135.253",
      "type": "string"
    }
  },
  "resources": [
    {
      "mode": "managed",
      "type": "aws_lightsail_instance",
      "name": "app",
      "provider": "provider.aws",
      "instances": [
        {
          "schema_version": 0,
          "attributes": {
            "arn": "arn:aws:lightsail:ca-central-1:429310424269:Instance/3a99b1c5-6821-4909-8546-3bfd5dc5dc33",
            "availability_zone": "ca-central-1b",
            "blueprint_id": "ubuntu_18_04",
            "bundle_id": "nano_2_0",
            "cpu_count": 1,
            "created_at": "2020-04-28T13:19:13Z",
            "id": "ddd-api",
            "ipv6_address": "",
            "is_static_ip": false,
            "key_pair_name": "awskey",
            "name": "ddd-api",
            "private_ip_address": "172.26.23.18",
            "public_ip_address": "35.182.135.253",
            "ram_size": null,
            "tags": null,
            "user_data": null,
            "username": "ubuntu"
          },
          "private": "bnVsbA==",
          "dependencies": [
            "null_resource.docker_build"
          ]
        }
      ]
    },
    {
      "mode": "managed",
      "type": "aws_lightsail_key_pair",
      "name": "lightsail_key_pair",
      "provider": "provider.aws",
      "instances": [
        {
          "schema_version": 0,
          "attributes": {
            "arn": "arn:aws:lightsail:ca-central-1:429310424269:KeyPair/bebb3a83-71f4-464a-b6a0-93dbb104c985",
            "encrypted_fingerprint": null,
            "encrypted_private_key": null,
            "fingerprint": "be:45:55:15:bc:95:c3:af:89:9c:66:d0:50:69:ee:ff",
            "id": "awskey",
            "name": "awskey",
            "name_prefix": null,
            "pgp_key": null,
            "private_key": null,
            "public_key": "ssh-rsa AAAAB3NzaC1yc2EAAAADAQABAAABAQC6swSJj4vR0BkeejWyZZ60W6y5NQAfAaojS0wURi0VCxlvDXwV80xj5t2GuHRJDpcPLbVCauiTSlvLxdX+4ygWbkMMShKZPW1Gu5lwJ7swvS5Tb2LHa2jjU8QKIBLOXkYLr9FDOaIPhUZjoZBowsbgRl/8AYZpx9Av4R9RbAgzxD5P2LV9bHjOvLsX53JUmoIsztvbITSXsAH/mgYDQJl4X7h1pDOpgEnFL7CRUwiowOh08sh+0do7iR6LoBp92FzccY0MXhMoOb77dbeh6u2HiZxf66eNCnOnffVKM6ASp8Yu7VyMEgLuZIx0p7VOtOtK2Cnq8Q1XNorxZte+AWlT steph@steph-Alienware-17\n"
          },
          "private": "bnVsbA=="
        }
      ]
    },
    {
      "mode": "managed",
      "type": "null_resource",
      "name": "docker_build",
      "provider": "provider.null",
      "instances": [
        {
          "schema_version": 0,
          "attributes": {
            "id": "1796526463376562496",
            "triggers": {
              "dockerfile": "7c5ddf40a7cae2822e05e474041c142e"
            }
          },
          "private": "bnVsbA=="
        }
      ]
    }
  ]
}
