{
    "version": 3,
    "terraform_version": "0.11.11",
    "serial": 8,
    "lineage": "9cdf6f30-e0f3-f54a-009d-45ac155ff78d",
    "modules": [
        {
            "path": [
                "root"
            ],
            "outputs": {
                "ip": {
                    "sensitive": false,
                    "type": "string",
                    "value": "35.183.104.196"
                }
            },
            "resources": {
                "aws_lightsail_instance.app": {
                    "type": "aws_lightsail_instance",
                    "depends_on": [
                        "local.app",
                        "local.region"
                    ],
                    "primary": {
                        "id": "ddd-api",
                        "attributes": {
                            "arn": "arn:aws:lightsail:ca-central-1:429310424269:Instance/80714f12-ee83-42ce-9e41-b6bb34b26a94",
                            "availability_zone": "ca-central-1b",
                            "blueprint_id": "ubuntu_18_04",
                            "bundle_id": "nano_2_0",
                            "cpu_count": "1",
                            "created_at": "2020-04-23T16:07:18Z",
                            "id": "ddd-api",
                            "ipv6_address": "",
                            "is_static_ip": "false",
                            "key_pair_name": "awskey",
                            "name": "ddd-api",
                            "private_ip_address": "172.26.30.41",
                            "public_ip_address": "35.183.104.196",
                            "tags.%": "0",
                            "username": "ubuntu"
                        },
                        "meta": {},
                        "tainted": false
                    },
                    "deposed": [],
                    "provider": "provider.aws"
                },
                "aws_lightsail_key_pair.lightsail_key_pair": {
                    "type": "aws_lightsail_key_pair",
                    "depends_on": [],
                    "primary": {
                        "id": "awskey",
                        "attributes": {
                            "arn": "arn:aws:lightsail:ca-central-1:429310424269:KeyPair/178cbec0-c66c-4e96-a17c-097e455f92f6",
                            "fingerprint": "be:45:55:15:bc:95:c3:af:89:9c:66:d0:50:69:ee:ff",
                            "id": "awskey",
                            "name": "awskey",
                            "public_key": "ssh-rsa AAAAB3NzaC1yc2EAAAADAQABAAABAQC6swSJj4vR0BkeejWyZZ60W6y5NQAfAaojS0wURi0VCxlvDXwV80xj5t2GuHRJDpcPLbVCauiTSlvLxdX+4ygWbkMMShKZPW1Gu5lwJ7swvS5Tb2LHa2jjU8QKIBLOXkYLr9FDOaIPhUZjoZBowsbgRl/8AYZpx9Av4R9RbAgzxD5P2LV9bHjOvLsX53JUmoIsztvbITSXsAH/mgYDQJl4X7h1pDOpgEnFL7CRUwiowOh08sh+0do7iR6LoBp92FzccY0MXhMoOb77dbeh6u2HiZxf66eNCnOnffVKM6ASp8Yu7VyMEgLuZIx0p7VOtOtK2Cnq8Q1XNorxZte+AWlT steph@steph-Alienware-17\n"
                        },
                        "meta": {},
                        "tainted": false
                    },
                    "deposed": [],
                    "provider": "provider.aws"
                }
            },
            "depends_on": []
        }
    ]
}
